
Microsoft Visual Studio Solution File, Format Version 12.00
# Visual Studio 15
VisualStudioVersion = 15.0.27703.2042
MinimumVisualStudioVersion = 10.0.40219.1
Project("{FAE04EC0-301F-11D3-BF4B-00C04F79EFBC}") = "GameOfLIfe", "GameOfLIfe\GameOfLIfe.csproj", "{9C875808-EDFD-4D08-92BC-F5745870A401}"
EndProject
Project("{FAE04EC0-301F-11D3-BF4B-00C04F79EFBC}") = "GameOfLife.Test", "GameOfLife.Test\GameOfLife.Test.csproj", "{ADD5A260-6833-4C52-B4EC-A0C7143BC262}"
EndProject
Global
	GlobalSection(SolutionConfigurationPlatforms) = preSolution
		Debug|Any CPU = Debug|Any CPU
		Release|Any CPU = Release|Any CPU
	EndGlobalSection
	GlobalSection(ProjectConfigurationPlatforms) = postSolution
		{9C875808-EDFD-4D08-92BC-F5745870A401}.Debug|Any CPU.ActiveCfg = Debug|Any CPU
		{9C875808-EDFD-4D08-92BC-F5745870A401}.Debug|Any CPU.Build.0 = Debug|Any CPU
		{9C875808-EDFD-4D08-92BC-F5745870A401}.Release|Any CPU.ActiveCfg = Release|Any CPU
		{9C875808-EDFD-4D08-92BC-F5745870A401}.Release|Any CPU.Build.0 = Release|Any CPU
		{ADD5A260-6833-4C52-B4EC-A0C7143BC262}.Debug|Any CPU.ActiveCfg = Debug|Any CPU
		{ADD5A260-6833-4C52-B4EC-A0C7143BC262}.Debug|Any CPU.Build.0 = Debug|Any CPU
		{ADD5A260-6833-4C52-B4EC-A0C7143BC262}.Release|Any CPU.ActiveCfg = Release|Any CPU
		{ADD5A260-6833-4C52-B4EC-A0C7143BC262}.Release|Any CPU.Build.0 = Release|Any CPU
	EndGlobalSection
	GlobalSection(SolutionProperties) = preSolution
		HideSolutionNode = FALSE
	EndGlobalSection
	GlobalSection(ExtensibilityGlobals) = postSolution
		SolutionGuid = {259AF32A-9CD2-4E94-86B1-BA987BCAAD7C}
	EndGlobalSection
EndGlobal
